
Microsoft Visual Studio Solution File, Format Version 12.00
# Visual Studio 15
VisualStudioVersion = 15.0.26124.0
MinimumVisualStudioVersion = 15.0.26124.0
Project("{2150E333-8FDC-42A3-9474-1A3956D46DE8}") = "CSharpLabs.Lab01", "CSharpLabs.Lab01", "{5B2D5007-76AD-4B06-85B0-E151476D5A84}"
EndProject
Project("{FAE04EC0-301F-11D3-BF4B-00C04F79EFBC}") = "CSharpLabs.Lab01.Core", "CSharpLabs.Lab01\CSharpLabs.Lab01.Core\CSharpLabs.Lab01.Core.csproj", "{2FFFAC85-AFC9-4799-BBF3-1055096B3D11}"
EndProject
Project("{FAE04EC0-301F-11D3-BF4B-00C04F79EFBC}") = "CSharpLabs.Lab01.Console", "CSharpLabs.Lab01\CSharpLabs.Lab01.Console\CSharpLabs.Lab01.Console.csproj", "{3D8632EE-D6A4-4CD3-B36C-C1D49F88673F}"
EndProject
Project("{FAE04EC0-301F-11D3-BF4B-00C04F79EFBC}") = "CSharpLabs.Lab01.Core.Benchmark", "CSharpLabs.Lab01\CSharpLabs.Lab01.Core.Benchmark\CSharpLabs.Lab01.Core.Benchmark.csproj", "{04C27A1A-D3EB-4096-ABE2-AFC1AB8AFC77}"
EndProject
Project("{FAE04EC0-301F-11D3-BF4B-00C04F79EFBC}") = "CSharpLabs.Lab01.Core.Tests", "CSharpLabs.Lab01\CSharpLabs.Lab01.Core.Tests\CSharpLabs.Lab01.Core.Tests.csproj", "{EA184388-DBC8-430F-8CDE-B79DB76B95F9}"
EndProject
Global
	GlobalSection(SolutionConfigurationPlatforms) = preSolution
		Debug|Any CPU = Debug|Any CPU
		Debug|x64 = Debug|x64
		Debug|x86 = Debug|x86
		Release|Any CPU = Release|Any CPU
		Release|x64 = Release|x64
		Release|x86 = Release|x86
	EndGlobalSection
	GlobalSection(SolutionProperties) = preSolution
		HideSolutionNode = FALSE
	EndGlobalSection
	GlobalSection(ProjectConfigurationPlatforms) = postSolution
		{2FFFAC85-AFC9-4799-BBF3-1055096B3D11}.Debug|Any CPU.ActiveCfg = Debug|Any CPU
		{2FFFAC85-AFC9-4799-BBF3-1055096B3D11}.Debug|Any CPU.Build.0 = Debug|Any CPU
		{2FFFAC85-AFC9-4799-BBF3-1055096B3D11}.Debug|x64.ActiveCfg = Debug|Any CPU
		{2FFFAC85-AFC9-4799-BBF3-1055096B3D11}.Debug|x64.Build.0 = Debug|Any CPU
		{2FFFAC85-AFC9-4799-BBF3-1055096B3D11}.Debug|x86.ActiveCfg = Debug|Any CPU
		{2FFFAC85-AFC9-4799-BBF3-1055096B3D11}.Debug|x86.Build.0 = Debug|Any CPU
		{2FFFAC85-AFC9-4799-BBF3-1055096B3D11}.Release|Any CPU.ActiveCfg = Release|Any CPU
		{2FFFAC85-AFC9-4799-BBF3-1055096B3D11}.Release|Any CPU.Build.0 = Release|Any CPU
		{2FFFAC85-AFC9-4799-BBF3-1055096B3D11}.Release|x64.ActiveCfg = Release|Any CPU
		{2FFFAC85-AFC9-4799-BBF3-1055096B3D11}.Release|x64.Build.0 = Release|Any CPU
		{2FFFAC85-AFC9-4799-BBF3-1055096B3D11}.Release|x86.ActiveCfg = Release|Any CPU
		{2FFFAC85-AFC9-4799-BBF3-1055096B3D11}.Release|x86.Build.0 = Release|Any CPU
		{3D8632EE-D6A4-4CD3-B36C-C1D49F88673F}.Debug|Any CPU.ActiveCfg = Debug|Any CPU
		{3D8632EE-D6A4-4CD3-B36C-C1D49F88673F}.Debug|Any CPU.Build.0 = Debug|Any CPU
		{3D8632EE-D6A4-4CD3-B36C-C1D49F88673F}.Debug|x64.ActiveCfg = Debug|Any CPU
		{3D8632EE-D6A4-4CD3-B36C-C1D49F88673F}.Debug|x64.Build.0 = Debug|Any CPU
		{3D8632EE-D6A4-4CD3-B36C-C1D49F88673F}.Debug|x86.ActiveCfg = Debug|Any CPU
		{3D8632EE-D6A4-4CD3-B36C-C1D49F88673F}.Debug|x86.Build.0 = Debug|Any CPU
		{3D8632EE-D6A4-4CD3-B36C-C1D49F88673F}.Release|Any CPU.ActiveCfg = Release|Any CPU
		{3D8632EE-D6A4-4CD3-B36C-C1D49F88673F}.Release|Any CPU.Build.0 = Release|Any CPU
		{3D8632EE-D6A4-4CD3-B36C-C1D49F88673F}.Release|x64.ActiveCfg = Release|Any CPU
		{3D8632EE-D6A4-4CD3-B36C-C1D49F88673F}.Release|x64.Build.0 = Release|Any CPU
		{3D8632EE-D6A4-4CD3-B36C-C1D49F88673F}.Release|x86.ActiveCfg = Release|Any CPU
		{3D8632EE-D6A4-4CD3-B36C-C1D49F88673F}.Release|x86.Build.0 = Release|Any CPU
		{04C27A1A-D3EB-4096-ABE2-AFC1AB8AFC77}.Debug|Any CPU.ActiveCfg = Debug|Any CPU
		{04C27A1A-D3EB-4096-ABE2-AFC1AB8AFC77}.Debug|Any CPU.Build.0 = Debug|Any CPU
		{04C27A1A-D3EB-4096-ABE2-AFC1AB8AFC77}.Debug|x64.ActiveCfg = Debug|Any CPU
		{04C27A1A-D3EB-4096-ABE2-AFC1AB8AFC77}.Debug|x64.Build.0 = Debug|Any CPU
		{04C27A1A-D3EB-4096-ABE2-AFC1AB8AFC77}.Debug|x86.ActiveCfg = Debug|Any CPU
		{04C27A1A-D3EB-4096-ABE2-AFC1AB8AFC77}.Debug|x86.Build.0 = Debug|Any CPU
		{04C27A1A-D3EB-4096-ABE2-AFC1AB8AFC77}.Release|Any CPU.ActiveCfg = Release|Any CPU
		{04C27A1A-D3EB-4096-ABE2-AFC1AB8AFC77}.Release|Any CPU.Build.0 = Release|Any CPU
		{04C27A1A-D3EB-4096-ABE2-AFC1AB8AFC77}.Release|x64.ActiveCfg = Release|Any CPU
		{04C27A1A-D3EB-4096-ABE2-AFC1AB8AFC77}.Release|x64.Build.0 = Release|Any CPU
		{04C27A1A-D3EB-4096-ABE2-AFC1AB8AFC77}.Release|x86.ActiveCfg = Release|Any CPU
		{04C27A1A-D3EB-4096-ABE2-AFC1AB8AFC77}.Release|x86.Build.0 = Release|Any CPU
		{EA184388-DBC8-430F-8CDE-B79DB76B95F9}.Debug|Any CPU.ActiveCfg = Debug|Any CPU
		{EA184388-DBC8-430F-8CDE-B79DB76B95F9}.Debug|Any CPU.Build.0 = Debug|Any CPU
		{EA184388-DBC8-430F-8CDE-B79DB76B95F9}.Debug|x64.ActiveCfg = Debug|Any CPU
		{EA184388-DBC8-430F-8CDE-B79DB76B95F9}.Debug|x64.Build.0 = Debug|Any CPU
		{EA184388-DBC8-430F-8CDE-B79DB76B95F9}.Debug|x86.ActiveCfg = Debug|Any CPU
		{EA184388-DBC8-430F-8CDE-B79DB76B95F9}.Debug|x86.Build.0 = Debug|Any CPU
		{EA184388-DBC8-430F-8CDE-B79DB76B95F9}.Release|Any CPU.ActiveCfg = Release|Any CPU
		{EA184388-DBC8-430F-8CDE-B79DB76B95F9}.Release|Any CPU.Build.0 = Release|Any CPU
		{EA184388-DBC8-430F-8CDE-B79DB76B95F9}.Release|x64.ActiveCfg = Release|Any CPU
		{EA184388-DBC8-430F-8CDE-B79DB76B95F9}.Release|x64.Build.0 = Release|Any CPU
		{EA184388-DBC8-430F-8CDE-B79DB76B95F9}.Release|x86.ActiveCfg = Release|Any CPU
		{EA184388-DBC8-430F-8CDE-B79DB76B95F9}.Release|x86.Build.0 = Release|Any CPU
	EndGlobalSection
	GlobalSection(NestedProjects) = preSolution
		{2FFFAC85-AFC9-4799-BBF3-1055096B3D11} = {5B2D5007-76AD-4B06-85B0-E151476D5A84}
		{3D8632EE-D6A4-4CD3-B36C-C1D49F88673F} = {5B2D5007-76AD-4B06-85B0-E151476D5A84}
		{04C27A1A-D3EB-4096-ABE2-AFC1AB8AFC77} = {5B2D5007-76AD-4B06-85B0-E151476D5A84}
		{EA184388-DBC8-430F-8CDE-B79DB76B95F9} = {5B2D5007-76AD-4B06-85B0-E151476D5A84}
	EndGlobalSection
EndGlobal
