
Microsoft Visual Studio Solution File, Format Version 12.00
# Visual Studio 15
VisualStudioVersion = 15.0.26124.0
MinimumVisualStudioVersion = 15.0.26124.0
Project("{2150E333-8FDC-42A3-9474-1A3956D46DE8}") = "CSharpLabs.Lab01", "CSharpLabs.Lab01", "{5B2D5007-76AD-4B06-85B0-E151476D5A84}"
EndProject
Project("{FAE04EC0-301F-11D3-BF4B-00C04F79EFBC}") = "CSharpLabs.Lab01.Core", "CSharpLabs.Lab01\CSharpLabs.Lab01.Core\CSharpLabs.Lab01.Core.csproj", "{2FFFAC85-AFC9-4799-BBF3-1055096B3D11}"
EndProject
Project("{FAE04EC0-301F-11D3-BF4B-00C04F79EFBC}") = "CSharpLabs.Lab01.Console", "CSharpLabs.Lab01\CSharpLabs.Lab01.Console\CSharpLabs.Lab01.Console.csproj", "{3D8632EE-D6A4-4CD3-B36C-C1D49F88673F}"
EndProject
Project("{FAE04EC0-301F-11D3-BF4B-00C04F79EFBC}") = "CSharpLabs.Lab01.Core.Benchmark", "CSharpLabs.Lab01\CSharpLabs.Lab01.Core.Benchmark\CSharpLabs.Lab01.Core.Benchmark.csproj", "{04C27A1A-D3EB-4096-ABE2-AFC1AB8AFC77}"
EndProject
Project("{FAE04EC0-301F-11D3-BF4B-00C04F79EFBC}") = "CSharpLabs.Lab01.Core.Tests", "CSharpLabs.Lab01\CSharpLabs.Lab01.Core.Tests\CSharpLabs.Lab01.Core.Tests.csproj", "{EA184388-DBC8-430F-8CDE-B79DB76B95F9}"
EndProject
Project("{2150E333-8FDC-42A3-9474-1A3956D46DE8}") = "CSharpLabs.Lab02", "CSharpLabs.Lab02", "{01041F06-88F5-4648-9F4F-D15756C116FA}"
EndProject
Project("{FAE04EC0-301F-11D3-BF4B-00C04F79EFBC}") = "CSharpLabs.Lab02.Core", "CSharpLabs.Lab02\CSharpLabs.Lab02.Core\CSharpLabs.Lab02.Core.csproj", "{D0D4C94E-B516-44B2-9E54-98666DEF7DF0}"
EndProject
Project("{FAE04EC0-301F-11D3-BF4B-00C04F79EFBC}") = "CSharpLabs.Lab02.Core.Tests", "CSharpLabs.Lab02\CSharpLabs.Lab02.Core.Tests\CSharpLabs.Lab02.Core.Tests.csproj", "{359D1BC4-29CF-4D32-9E97-9A2032A48C8F}"
EndProject
Project("{FAE04EC0-301F-11D3-BF4B-00C04F79EFBC}") = "CSharpLabs.Lab02.Console", "CSharpLabs.Lab02\CSharpLabs.Lab02.Console\CSharpLabs.Lab02.Console.csproj", "{FAE175C5-BC42-40F2-8EAA-225F3632817D}"
EndProject
Project("{2150E333-8FDC-42A3-9474-1A3956D46DE8}") = "CSharpLabs.Lab06", "CSharpLabs.Lab06", "{51B3FB19-B0A4-4F9C-A46E-509199781947}"
EndProject
Project("{FAE04EC0-301F-11D3-BF4B-00C04F79EFBC}") = "CSharpLabs.Lab06.Core", "CSharpLabs.Lab06\CSharpLabs.Lab06.Core\CSharpLabs.Lab06.Core.csproj", "{7F6E69F3-9831-42B1-88DA-8A43861275AF}"
EndProject
Project("{FAE04EC0-301F-11D3-BF4B-00C04F79EFBC}") = "CSharpLabs.Lab06.Console", "CSharpLabs.Lab06\CSharpLabs.Lab06.Console\CSharpLabs.Lab06.Console.csproj", "{C8FFB403-280B-4C67-9A54-90D1BA0D7967}"
EndProject
Project("{FAE04EC0-301F-11D3-BF4B-00C04F79EFBC}") = "CSharpLabs.Lab06.Core.Benchmark", "CSharpLabs.Lab06\CSharpLabs.Lab06.Core.Benchmark\CSharpLabs.Lab06.Core.Benchmark.csproj", "{DECCEC26-82C6-4F08-9764-0722757EC399}"
EndProject
Project("{FAE04EC0-301F-11D3-BF4B-00C04F79EFBC}") = "CSharpLabs.Lab06.Core.Tests", "CSharpLabs.Lab06\CSharpLabs.Lab06.Core.Tests\CSharpLabs.Lab06.Core.Tests.csproj", "{6950F26F-362A-43F2-BAFA-6C1CCDC2A47D}"
EndProject
Project("{2150E333-8FDC-42A3-9474-1A3956D46DE8}") = "CSharpLabs.Lab03", "CSharpLabs.Lab03", "{C01B9142-89A1-4B38-AE48-EC7342108458}"
EndProject
Project("{FAE04EC0-301F-11D3-BF4B-00C04F79EFBC}") = "CSharpLabs.Lab03.Console", "CSharpLabs.Lab03\CSharpLabs.Lab03.Console\CSharpLabs.Lab03.Console.csproj", "{7AAD81B7-7412-42CC-BEB2-3F6C71D91545}"
EndProject
Project("{FAE04EC0-301F-11D3-BF4B-00C04F79EFBC}") = "CSharpLabs.Lab03.Core", "CSharpLabs.Lab03\CSharpLabs.Lab03.Core\CSharpLabs.Lab03.Core.csproj", "{3E99EE8C-986A-42A9-8320-F2F8D732D9BD}"
EndProject
Project("{FAE04EC0-301F-11D3-BF4B-00C04F79EFBC}") = "CSharpLabs.Lab03.Core.Tests", "CSharpLabs.Lab03\CSharpLabs.Lab03.Core.Tests\CSharpLabs.Lab03.Core.Tests.csproj", "{3983391F-456B-4B62-BA2F-062E73746DE0}"
EndProject
Global
	GlobalSection(SolutionConfigurationPlatforms) = preSolution
		Debug|Any CPU = Debug|Any CPU
		Debug|x64 = Debug|x64
		Debug|x86 = Debug|x86
		Release|Any CPU = Release|Any CPU
		Release|x64 = Release|x64
		Release|x86 = Release|x86
	EndGlobalSection
	GlobalSection(SolutionProperties) = preSolution
		HideSolutionNode = FALSE
	EndGlobalSection
	GlobalSection(ProjectConfigurationPlatforms) = postSolution
		{2FFFAC85-AFC9-4799-BBF3-1055096B3D11}.Debug|Any CPU.ActiveCfg = Debug|Any CPU
		{2FFFAC85-AFC9-4799-BBF3-1055096B3D11}.Debug|Any CPU.Build.0 = Debug|Any CPU
		{2FFFAC85-AFC9-4799-BBF3-1055096B3D11}.Debug|x64.ActiveCfg = Debug|Any CPU
		{2FFFAC85-AFC9-4799-BBF3-1055096B3D11}.Debug|x64.Build.0 = Debug|Any CPU
		{2FFFAC85-AFC9-4799-BBF3-1055096B3D11}.Debug|x86.ActiveCfg = Debug|Any CPU
		{2FFFAC85-AFC9-4799-BBF3-1055096B3D11}.Debug|x86.Build.0 = Debug|Any CPU
		{2FFFAC85-AFC9-4799-BBF3-1055096B3D11}.Release|Any CPU.ActiveCfg = Release|Any CPU
		{2FFFAC85-AFC9-4799-BBF3-1055096B3D11}.Release|Any CPU.Build.0 = Release|Any CPU
		{2FFFAC85-AFC9-4799-BBF3-1055096B3D11}.Release|x64.ActiveCfg = Release|Any CPU
		{2FFFAC85-AFC9-4799-BBF3-1055096B3D11}.Release|x64.Build.0 = Release|Any CPU
		{2FFFAC85-AFC9-4799-BBF3-1055096B3D11}.Release|x86.ActiveCfg = Release|Any CPU
		{2FFFAC85-AFC9-4799-BBF3-1055096B3D11}.Release|x86.Build.0 = Release|Any CPU
		{3D8632EE-D6A4-4CD3-B36C-C1D49F88673F}.Debug|Any CPU.ActiveCfg = Debug|Any CPU
		{3D8632EE-D6A4-4CD3-B36C-C1D49F88673F}.Debug|Any CPU.Build.0 = Debug|Any CPU
		{3D8632EE-D6A4-4CD3-B36C-C1D49F88673F}.Debug|x64.ActiveCfg = Debug|Any CPU
		{3D8632EE-D6A4-4CD3-B36C-C1D49F88673F}.Debug|x64.Build.0 = Debug|Any CPU
		{3D8632EE-D6A4-4CD3-B36C-C1D49F88673F}.Debug|x86.ActiveCfg = Debug|Any CPU
		{3D8632EE-D6A4-4CD3-B36C-C1D49F88673F}.Debug|x86.Build.0 = Debug|Any CPU
		{3D8632EE-D6A4-4CD3-B36C-C1D49F88673F}.Release|Any CPU.ActiveCfg = Release|Any CPU
		{3D8632EE-D6A4-4CD3-B36C-C1D49F88673F}.Release|Any CPU.Build.0 = Release|Any CPU
		{3D8632EE-D6A4-4CD3-B36C-C1D49F88673F}.Release|x64.ActiveCfg = Release|Any CPU
		{3D8632EE-D6A4-4CD3-B36C-C1D49F88673F}.Release|x64.Build.0 = Release|Any CPU
		{3D8632EE-D6A4-4CD3-B36C-C1D49F88673F}.Release|x86.ActiveCfg = Release|Any CPU
		{3D8632EE-D6A4-4CD3-B36C-C1D49F88673F}.Release|x86.Build.0 = Release|Any CPU
		{04C27A1A-D3EB-4096-ABE2-AFC1AB8AFC77}.Debug|Any CPU.ActiveCfg = Debug|Any CPU
		{04C27A1A-D3EB-4096-ABE2-AFC1AB8AFC77}.Debug|Any CPU.Build.0 = Debug|Any CPU
		{04C27A1A-D3EB-4096-ABE2-AFC1AB8AFC77}.Debug|x64.ActiveCfg = Debug|Any CPU
		{04C27A1A-D3EB-4096-ABE2-AFC1AB8AFC77}.Debug|x64.Build.0 = Debug|Any CPU
		{04C27A1A-D3EB-4096-ABE2-AFC1AB8AFC77}.Debug|x86.ActiveCfg = Debug|Any CPU
		{04C27A1A-D3EB-4096-ABE2-AFC1AB8AFC77}.Debug|x86.Build.0 = Debug|Any CPU
		{04C27A1A-D3EB-4096-ABE2-AFC1AB8AFC77}.Release|Any CPU.ActiveCfg = Release|Any CPU
		{04C27A1A-D3EB-4096-ABE2-AFC1AB8AFC77}.Release|Any CPU.Build.0 = Release|Any CPU
		{04C27A1A-D3EB-4096-ABE2-AFC1AB8AFC77}.Release|x64.ActiveCfg = Release|Any CPU
		{04C27A1A-D3EB-4096-ABE2-AFC1AB8AFC77}.Release|x64.Build.0 = Release|Any CPU
		{04C27A1A-D3EB-4096-ABE2-AFC1AB8AFC77}.Release|x86.ActiveCfg = Release|Any CPU
		{04C27A1A-D3EB-4096-ABE2-AFC1AB8AFC77}.Release|x86.Build.0 = Release|Any CPU
		{EA184388-DBC8-430F-8CDE-B79DB76B95F9}.Debug|Any CPU.ActiveCfg = Debug|Any CPU
		{EA184388-DBC8-430F-8CDE-B79DB76B95F9}.Debug|Any CPU.Build.0 = Debug|Any CPU
		{EA184388-DBC8-430F-8CDE-B79DB76B95F9}.Debug|x64.ActiveCfg = Debug|Any CPU
		{EA184388-DBC8-430F-8CDE-B79DB76B95F9}.Debug|x64.Build.0 = Debug|Any CPU
		{EA184388-DBC8-430F-8CDE-B79DB76B95F9}.Debug|x86.ActiveCfg = Debug|Any CPU
		{EA184388-DBC8-430F-8CDE-B79DB76B95F9}.Debug|x86.Build.0 = Debug|Any CPU
		{EA184388-DBC8-430F-8CDE-B79DB76B95F9}.Release|Any CPU.ActiveCfg = Release|Any CPU
		{EA184388-DBC8-430F-8CDE-B79DB76B95F9}.Release|Any CPU.Build.0 = Release|Any CPU
		{EA184388-DBC8-430F-8CDE-B79DB76B95F9}.Release|x64.ActiveCfg = Release|Any CPU
		{EA184388-DBC8-430F-8CDE-B79DB76B95F9}.Release|x64.Build.0 = Release|Any CPU
		{EA184388-DBC8-430F-8CDE-B79DB76B95F9}.Release|x86.ActiveCfg = Release|Any CPU
		{EA184388-DBC8-430F-8CDE-B79DB76B95F9}.Release|x86.Build.0 = Release|Any CPU
		{D0D4C94E-B516-44B2-9E54-98666DEF7DF0}.Debug|Any CPU.ActiveCfg = Debug|Any CPU
		{D0D4C94E-B516-44B2-9E54-98666DEF7DF0}.Debug|Any CPU.Build.0 = Debug|Any CPU
		{D0D4C94E-B516-44B2-9E54-98666DEF7DF0}.Debug|x64.ActiveCfg = Debug|Any CPU
		{D0D4C94E-B516-44B2-9E54-98666DEF7DF0}.Debug|x64.Build.0 = Debug|Any CPU
		{D0D4C94E-B516-44B2-9E54-98666DEF7DF0}.Debug|x86.ActiveCfg = Debug|Any CPU
		{D0D4C94E-B516-44B2-9E54-98666DEF7DF0}.Debug|x86.Build.0 = Debug|Any CPU
		{D0D4C94E-B516-44B2-9E54-98666DEF7DF0}.Release|Any CPU.ActiveCfg = Release|Any CPU
		{D0D4C94E-B516-44B2-9E54-98666DEF7DF0}.Release|Any CPU.Build.0 = Release|Any CPU
		{D0D4C94E-B516-44B2-9E54-98666DEF7DF0}.Release|x64.ActiveCfg = Release|Any CPU
		{D0D4C94E-B516-44B2-9E54-98666DEF7DF0}.Release|x64.Build.0 = Release|Any CPU
		{D0D4C94E-B516-44B2-9E54-98666DEF7DF0}.Release|x86.ActiveCfg = Release|Any CPU
		{D0D4C94E-B516-44B2-9E54-98666DEF7DF0}.Release|x86.Build.0 = Release|Any CPU
		{359D1BC4-29CF-4D32-9E97-9A2032A48C8F}.Debug|Any CPU.ActiveCfg = Debug|Any CPU
		{359D1BC4-29CF-4D32-9E97-9A2032A48C8F}.Debug|Any CPU.Build.0 = Debug|Any CPU
		{359D1BC4-29CF-4D32-9E97-9A2032A48C8F}.Debug|x64.ActiveCfg = Debug|Any CPU
		{359D1BC4-29CF-4D32-9E97-9A2032A48C8F}.Debug|x64.Build.0 = Debug|Any CPU
		{359D1BC4-29CF-4D32-9E97-9A2032A48C8F}.Debug|x86.ActiveCfg = Debug|Any CPU
		{359D1BC4-29CF-4D32-9E97-9A2032A48C8F}.Debug|x86.Build.0 = Debug|Any CPU
		{359D1BC4-29CF-4D32-9E97-9A2032A48C8F}.Release|Any CPU.ActiveCfg = Release|Any CPU
		{359D1BC4-29CF-4D32-9E97-9A2032A48C8F}.Release|Any CPU.Build.0 = Release|Any CPU
		{359D1BC4-29CF-4D32-9E97-9A2032A48C8F}.Release|x64.ActiveCfg = Release|Any CPU
		{359D1BC4-29CF-4D32-9E97-9A2032A48C8F}.Release|x64.Build.0 = Release|Any CPU
		{359D1BC4-29CF-4D32-9E97-9A2032A48C8F}.Release|x86.ActiveCfg = Release|Any CPU
		{359D1BC4-29CF-4D32-9E97-9A2032A48C8F}.Release|x86.Build.0 = Release|Any CPU
		{FAE175C5-BC42-40F2-8EAA-225F3632817D}.Debug|Any CPU.ActiveCfg = Debug|Any CPU
		{FAE175C5-BC42-40F2-8EAA-225F3632817D}.Debug|Any CPU.Build.0 = Debug|Any CPU
		{FAE175C5-BC42-40F2-8EAA-225F3632817D}.Debug|x64.ActiveCfg = Debug|Any CPU
		{FAE175C5-BC42-40F2-8EAA-225F3632817D}.Debug|x64.Build.0 = Debug|Any CPU
		{FAE175C5-BC42-40F2-8EAA-225F3632817D}.Debug|x86.ActiveCfg = Debug|Any CPU
		{FAE175C5-BC42-40F2-8EAA-225F3632817D}.Debug|x86.Build.0 = Debug|Any CPU
		{FAE175C5-BC42-40F2-8EAA-225F3632817D}.Release|Any CPU.ActiveCfg = Release|Any CPU
		{FAE175C5-BC42-40F2-8EAA-225F3632817D}.Release|Any CPU.Build.0 = Release|Any CPU
		{FAE175C5-BC42-40F2-8EAA-225F3632817D}.Release|x64.ActiveCfg = Release|Any CPU
		{FAE175C5-BC42-40F2-8EAA-225F3632817D}.Release|x64.Build.0 = Release|Any CPU
		{FAE175C5-BC42-40F2-8EAA-225F3632817D}.Release|x86.ActiveCfg = Release|Any CPU
		{FAE175C5-BC42-40F2-8EAA-225F3632817D}.Release|x86.Build.0 = Release|Any CPU
		{7F6E69F3-9831-42B1-88DA-8A43861275AF}.Debug|Any CPU.ActiveCfg = Debug|Any CPU
		{7F6E69F3-9831-42B1-88DA-8A43861275AF}.Debug|Any CPU.Build.0 = Debug|Any CPU
		{7F6E69F3-9831-42B1-88DA-8A43861275AF}.Debug|x64.ActiveCfg = Debug|Any CPU
		{7F6E69F3-9831-42B1-88DA-8A43861275AF}.Debug|x64.Build.0 = Debug|Any CPU
		{7F6E69F3-9831-42B1-88DA-8A43861275AF}.Debug|x86.ActiveCfg = Debug|Any CPU
		{7F6E69F3-9831-42B1-88DA-8A43861275AF}.Debug|x86.Build.0 = Debug|Any CPU
		{7F6E69F3-9831-42B1-88DA-8A43861275AF}.Release|Any CPU.ActiveCfg = Release|Any CPU
		{7F6E69F3-9831-42B1-88DA-8A43861275AF}.Release|Any CPU.Build.0 = Release|Any CPU
		{7F6E69F3-9831-42B1-88DA-8A43861275AF}.Release|x64.ActiveCfg = Release|Any CPU
		{7F6E69F3-9831-42B1-88DA-8A43861275AF}.Release|x64.Build.0 = Release|Any CPU
		{7F6E69F3-9831-42B1-88DA-8A43861275AF}.Release|x86.ActiveCfg = Release|Any CPU
		{7F6E69F3-9831-42B1-88DA-8A43861275AF}.Release|x86.Build.0 = Release|Any CPU
		{C8FFB403-280B-4C67-9A54-90D1BA0D7967}.Debug|Any CPU.ActiveCfg = Debug|Any CPU
		{C8FFB403-280B-4C67-9A54-90D1BA0D7967}.Debug|Any CPU.Build.0 = Debug|Any CPU
		{C8FFB403-280B-4C67-9A54-90D1BA0D7967}.Debug|x64.ActiveCfg = Debug|Any CPU
		{C8FFB403-280B-4C67-9A54-90D1BA0D7967}.Debug|x64.Build.0 = Debug|Any CPU
		{C8FFB403-280B-4C67-9A54-90D1BA0D7967}.Debug|x86.ActiveCfg = Debug|Any CPU
		{C8FFB403-280B-4C67-9A54-90D1BA0D7967}.Debug|x86.Build.0 = Debug|Any CPU
		{C8FFB403-280B-4C67-9A54-90D1BA0D7967}.Release|Any CPU.ActiveCfg = Release|Any CPU
		{C8FFB403-280B-4C67-9A54-90D1BA0D7967}.Release|Any CPU.Build.0 = Release|Any CPU
		{C8FFB403-280B-4C67-9A54-90D1BA0D7967}.Release|x64.ActiveCfg = Release|Any CPU
		{C8FFB403-280B-4C67-9A54-90D1BA0D7967}.Release|x64.Build.0 = Release|Any CPU
		{C8FFB403-280B-4C67-9A54-90D1BA0D7967}.Release|x86.ActiveCfg = Release|Any CPU
		{C8FFB403-280B-4C67-9A54-90D1BA0D7967}.Release|x86.Build.0 = Release|Any CPU
		{DECCEC26-82C6-4F08-9764-0722757EC399}.Debug|Any CPU.ActiveCfg = Debug|Any CPU
		{DECCEC26-82C6-4F08-9764-0722757EC399}.Debug|Any CPU.Build.0 = Debug|Any CPU
		{DECCEC26-82C6-4F08-9764-0722757EC399}.Debug|x64.ActiveCfg = Debug|Any CPU
		{DECCEC26-82C6-4F08-9764-0722757EC399}.Debug|x64.Build.0 = Debug|Any CPU
		{DECCEC26-82C6-4F08-9764-0722757EC399}.Debug|x86.ActiveCfg = Debug|Any CPU
		{DECCEC26-82C6-4F08-9764-0722757EC399}.Debug|x86.Build.0 = Debug|Any CPU
		{DECCEC26-82C6-4F08-9764-0722757EC399}.Release|Any CPU.ActiveCfg = Release|Any CPU
		{DECCEC26-82C6-4F08-9764-0722757EC399}.Release|Any CPU.Build.0 = Release|Any CPU
		{DECCEC26-82C6-4F08-9764-0722757EC399}.Release|x64.ActiveCfg = Release|Any CPU
		{DECCEC26-82C6-4F08-9764-0722757EC399}.Release|x64.Build.0 = Release|Any CPU
		{DECCEC26-82C6-4F08-9764-0722757EC399}.Release|x86.ActiveCfg = Release|Any CPU
		{DECCEC26-82C6-4F08-9764-0722757EC399}.Release|x86.Build.0 = Release|Any CPU
		{6950F26F-362A-43F2-BAFA-6C1CCDC2A47D}.Debug|Any CPU.ActiveCfg = Debug|Any CPU
		{6950F26F-362A-43F2-BAFA-6C1CCDC2A47D}.Debug|Any CPU.Build.0 = Debug|Any CPU
		{6950F26F-362A-43F2-BAFA-6C1CCDC2A47D}.Debug|x64.ActiveCfg = Debug|Any CPU
		{6950F26F-362A-43F2-BAFA-6C1CCDC2A47D}.Debug|x64.Build.0 = Debug|Any CPU
		{6950F26F-362A-43F2-BAFA-6C1CCDC2A47D}.Debug|x86.ActiveCfg = Debug|Any CPU
		{6950F26F-362A-43F2-BAFA-6C1CCDC2A47D}.Debug|x86.Build.0 = Debug|Any CPU
		{6950F26F-362A-43F2-BAFA-6C1CCDC2A47D}.Release|Any CPU.ActiveCfg = Release|Any CPU
		{6950F26F-362A-43F2-BAFA-6C1CCDC2A47D}.Release|Any CPU.Build.0 = Release|Any CPU
		{6950F26F-362A-43F2-BAFA-6C1CCDC2A47D}.Release|x64.ActiveCfg = Release|Any CPU
		{6950F26F-362A-43F2-BAFA-6C1CCDC2A47D}.Release|x64.Build.0 = Release|Any CPU
		{6950F26F-362A-43F2-BAFA-6C1CCDC2A47D}.Release|x86.ActiveCfg = Release|Any CPU
		{6950F26F-362A-43F2-BAFA-6C1CCDC2A47D}.Release|x86.Build.0 = Release|Any CPU
		{7AAD81B7-7412-42CC-BEB2-3F6C71D91545}.Debug|Any CPU.ActiveCfg = Debug|Any CPU
		{7AAD81B7-7412-42CC-BEB2-3F6C71D91545}.Debug|Any CPU.Build.0 = Debug|Any CPU
		{7AAD81B7-7412-42CC-BEB2-3F6C71D91545}.Debug|x64.ActiveCfg = Debug|Any CPU
		{7AAD81B7-7412-42CC-BEB2-3F6C71D91545}.Debug|x64.Build.0 = Debug|Any CPU
		{7AAD81B7-7412-42CC-BEB2-3F6C71D91545}.Debug|x86.ActiveCfg = Debug|Any CPU
		{7AAD81B7-7412-42CC-BEB2-3F6C71D91545}.Debug|x86.Build.0 = Debug|Any CPU
		{7AAD81B7-7412-42CC-BEB2-3F6C71D91545}.Release|Any CPU.ActiveCfg = Release|Any CPU
		{7AAD81B7-7412-42CC-BEB2-3F6C71D91545}.Release|Any CPU.Build.0 = Release|Any CPU
		{7AAD81B7-7412-42CC-BEB2-3F6C71D91545}.Release|x64.ActiveCfg = Release|Any CPU
		{7AAD81B7-7412-42CC-BEB2-3F6C71D91545}.Release|x64.Build.0 = Release|Any CPU
		{7AAD81B7-7412-42CC-BEB2-3F6C71D91545}.Release|x86.ActiveCfg = Release|Any CPU
		{7AAD81B7-7412-42CC-BEB2-3F6C71D91545}.Release|x86.Build.0 = Release|Any CPU
		{3E99EE8C-986A-42A9-8320-F2F8D732D9BD}.Debug|Any CPU.ActiveCfg = Debug|Any CPU
		{3E99EE8C-986A-42A9-8320-F2F8D732D9BD}.Debug|Any CPU.Build.0 = Debug|Any CPU
		{3E99EE8C-986A-42A9-8320-F2F8D732D9BD}.Debug|x64.ActiveCfg = Debug|Any CPU
		{3E99EE8C-986A-42A9-8320-F2F8D732D9BD}.Debug|x64.Build.0 = Debug|Any CPU
		{3E99EE8C-986A-42A9-8320-F2F8D732D9BD}.Debug|x86.ActiveCfg = Debug|Any CPU
		{3E99EE8C-986A-42A9-8320-F2F8D732D9BD}.Debug|x86.Build.0 = Debug|Any CPU
		{3E99EE8C-986A-42A9-8320-F2F8D732D9BD}.Release|Any CPU.ActiveCfg = Release|Any CPU
		{3E99EE8C-986A-42A9-8320-F2F8D732D9BD}.Release|Any CPU.Build.0 = Release|Any CPU
		{3E99EE8C-986A-42A9-8320-F2F8D732D9BD}.Release|x64.ActiveCfg = Release|Any CPU
		{3E99EE8C-986A-42A9-8320-F2F8D732D9BD}.Release|x64.Build.0 = Release|Any CPU
		{3E99EE8C-986A-42A9-8320-F2F8D732D9BD}.Release|x86.ActiveCfg = Release|Any CPU
		{3E99EE8C-986A-42A9-8320-F2F8D732D9BD}.Release|x86.Build.0 = Release|Any CPU
		{3983391F-456B-4B62-BA2F-062E73746DE0}.Debug|Any CPU.ActiveCfg = Debug|Any CPU
		{3983391F-456B-4B62-BA2F-062E73746DE0}.Debug|Any CPU.Build.0 = Debug|Any CPU
		{3983391F-456B-4B62-BA2F-062E73746DE0}.Debug|x64.ActiveCfg = Debug|Any CPU
		{3983391F-456B-4B62-BA2F-062E73746DE0}.Debug|x64.Build.0 = Debug|Any CPU
		{3983391F-456B-4B62-BA2F-062E73746DE0}.Debug|x86.ActiveCfg = Debug|Any CPU
		{3983391F-456B-4B62-BA2F-062E73746DE0}.Debug|x86.Build.0 = Debug|Any CPU
		{3983391F-456B-4B62-BA2F-062E73746DE0}.Release|Any CPU.ActiveCfg = Release|Any CPU
		{3983391F-456B-4B62-BA2F-062E73746DE0}.Release|Any CPU.Build.0 = Release|Any CPU
		{3983391F-456B-4B62-BA2F-062E73746DE0}.Release|x64.ActiveCfg = Release|Any CPU
		{3983391F-456B-4B62-BA2F-062E73746DE0}.Release|x64.Build.0 = Release|Any CPU
		{3983391F-456B-4B62-BA2F-062E73746DE0}.Release|x86.ActiveCfg = Release|Any CPU
		{3983391F-456B-4B62-BA2F-062E73746DE0}.Release|x86.Build.0 = Release|Any CPU
	EndGlobalSection
	GlobalSection(NestedProjects) = preSolution
		{2FFFAC85-AFC9-4799-BBF3-1055096B3D11} = {5B2D5007-76AD-4B06-85B0-E151476D5A84}
		{3D8632EE-D6A4-4CD3-B36C-C1D49F88673F} = {5B2D5007-76AD-4B06-85B0-E151476D5A84}
		{04C27A1A-D3EB-4096-ABE2-AFC1AB8AFC77} = {5B2D5007-76AD-4B06-85B0-E151476D5A84}
		{EA184388-DBC8-430F-8CDE-B79DB76B95F9} = {5B2D5007-76AD-4B06-85B0-E151476D5A84}
		{D0D4C94E-B516-44B2-9E54-98666DEF7DF0} = {01041F06-88F5-4648-9F4F-D15756C116FA}
		{359D1BC4-29CF-4D32-9E97-9A2032A48C8F} = {01041F06-88F5-4648-9F4F-D15756C116FA}
		{FAE175C5-BC42-40F2-8EAA-225F3632817D} = {01041F06-88F5-4648-9F4F-D15756C116FA}
		{7F6E69F3-9831-42B1-88DA-8A43861275AF} = {51B3FB19-B0A4-4F9C-A46E-509199781947}
		{C8FFB403-280B-4C67-9A54-90D1BA0D7967} = {51B3FB19-B0A4-4F9C-A46E-509199781947}
		{DECCEC26-82C6-4F08-9764-0722757EC399} = {51B3FB19-B0A4-4F9C-A46E-509199781947}
		{6950F26F-362A-43F2-BAFA-6C1CCDC2A47D} = {51B3FB19-B0A4-4F9C-A46E-509199781947}
		{7AAD81B7-7412-42CC-BEB2-3F6C71D91545} = {C01B9142-89A1-4B38-AE48-EC7342108458}
		{3E99EE8C-986A-42A9-8320-F2F8D732D9BD} = {C01B9142-89A1-4B38-AE48-EC7342108458}
		{3983391F-456B-4B62-BA2F-062E73746DE0} = {C01B9142-89A1-4B38-AE48-EC7342108458}
	EndGlobalSection
EndGlobal
